
Microsoft Visual Studio Solution File, Format Version 12.00
# Visual Studio Version 16
VisualStudioVersion = 16.0.29411.108
MinimumVisualStudioVersion = 10.0.40219.1
Project("{9A19103F-16F7-4668-BE54-9A1E7A4F7556}") = "ClassBoxData", "01. Class Box Data\ClassBoxData.csproj", "{41CF0BDC-A4C2-464A-89DB-03E564EFD7D7}"
EndProject
Project("{9A19103F-16F7-4668-BE54-9A1E7A4F7556}") = "AnimalFarm", "AnimalFarm\AnimalFarm.csproj", "{DDD0DFD3-A772-4BE1-9CCB-5450F2684FC6}"
EndProject
Project("{9A19103F-16F7-4668-BE54-9A1E7A4F7556}") = "03. Shopping Spree", "03. Shopping Spree\03. Shopping Spree.csproj", "{34CA5315-99F0-494C-8C2D-D47A16B7F52F}"
EndProject
Project("{FAE04EC0-301F-11D3-BF4B-00C04F79EFBC}") = "ShoppingSpree", "Shopping Spree\ShoppingSpree.csproj", "{9BF0EFE0-B74E-4C86-9E33-D75C2435697C}"
EndProject
Project("{FAE04EC0-301F-11D3-BF4B-00C04F79EFBC}") = "PizzaCalories", "PizzaCalories\PizzaCalories.csproj", "{B79F0EF3-C598-43D0-8C61-CFC4DAE9BC09}"
EndProject
Project("{FAE04EC0-301F-11D3-BF4B-00C04F79EFBC}") = "FootballTeamGenerator", "FootballTeamGenerator\FootballTeamGenerator.csproj", "{172FFC10-7D76-4397-AC92-C0BE9B79F728}"
EndProject
Global
	GlobalSection(SolutionConfigurationPlatforms) = preSolution
		Debug|Any CPU = Debug|Any CPU
		Release|Any CPU = Release|Any CPU
	EndGlobalSection
	GlobalSection(ProjectConfigurationPlatforms) = postSolution
		{41CF0BDC-A4C2-464A-89DB-03E564EFD7D7}.Debug|Any CPU.ActiveCfg = Debug|Any CPU
		{41CF0BDC-A4C2-464A-89DB-03E564EFD7D7}.Debug|Any CPU.Build.0 = Debug|Any CPU
		{41CF0BDC-A4C2-464A-89DB-03E564EFD7D7}.Release|Any CPU.ActiveCfg = Release|Any CPU
		{41CF0BDC-A4C2-464A-89DB-03E564EFD7D7}.Release|Any CPU.Build.0 = Release|Any CPU
		{DDD0DFD3-A772-4BE1-9CCB-5450F2684FC6}.Debug|Any CPU.ActiveCfg = Debug|Any CPU
		{DDD0DFD3-A772-4BE1-9CCB-5450F2684FC6}.Debug|Any CPU.Build.0 = Debug|Any CPU
		{DDD0DFD3-A772-4BE1-9CCB-5450F2684FC6}.Release|Any CPU.ActiveCfg = Release|Any CPU
		{DDD0DFD3-A772-4BE1-9CCB-5450F2684FC6}.Release|Any CPU.Build.0 = Release|Any CPU
		{34CA5315-99F0-494C-8C2D-D47A16B7F52F}.Debug|Any CPU.ActiveCfg = Debug|Any CPU
		{34CA5315-99F0-494C-8C2D-D47A16B7F52F}.Debug|Any CPU.Build.0 = Debug|Any CPU
		{34CA5315-99F0-494C-8C2D-D47A16B7F52F}.Release|Any CPU.ActiveCfg = Release|Any CPU
		{34CA5315-99F0-494C-8C2D-D47A16B7F52F}.Release|Any CPU.Build.0 = Release|Any CPU
		{9BF0EFE0-B74E-4C86-9E33-D75C2435697C}.Debug|Any CPU.ActiveCfg = Debug|Any CPU
		{9BF0EFE0-B74E-4C86-9E33-D75C2435697C}.Debug|Any CPU.Build.0 = Debug|Any CPU
		{9BF0EFE0-B74E-4C86-9E33-D75C2435697C}.Release|Any CPU.ActiveCfg = Release|Any CPU
		{9BF0EFE0-B74E-4C86-9E33-D75C2435697C}.Release|Any CPU.Build.0 = Release|Any CPU
		{B79F0EF3-C598-43D0-8C61-CFC4DAE9BC09}.Debug|Any CPU.ActiveCfg = Debug|Any CPU
		{B79F0EF3-C598-43D0-8C61-CFC4DAE9BC09}.Debug|Any CPU.Build.0 = Debug|Any CPU
		{B79F0EF3-C598-43D0-8C61-CFC4DAE9BC09}.Release|Any CPU.ActiveCfg = Release|Any CPU
		{B79F0EF3-C598-43D0-8C61-CFC4DAE9BC09}.Release|Any CPU.Build.0 = Release|Any CPU
		{172FFC10-7D76-4397-AC92-C0BE9B79F728}.Debug|Any CPU.ActiveCfg = Debug|Any CPU
		{172FFC10-7D76-4397-AC92-C0BE9B79F728}.Debug|Any CPU.Build.0 = Debug|Any CPU
		{172FFC10-7D76-4397-AC92-C0BE9B79F728}.Release|Any CPU.ActiveCfg = Release|Any CPU
		{172FFC10-7D76-4397-AC92-C0BE9B79F728}.Release|Any CPU.Build.0 = Release|Any CPU
	EndGlobalSection
	GlobalSection(SolutionProperties) = preSolution
		HideSolutionNode = FALSE
	EndGlobalSection
	GlobalSection(ExtensibilityGlobals) = postSolution
		SolutionGuid = {DA398FAD-2277-4EFE-B39B-F4864C543289}
	EndGlobalSection
EndGlobal
