
Microsoft Visual Studio Solution File, Format Version 12.00
# Visual Studio Version 16
VisualStudioVersion = 16.0.29411.108
MinimumVisualStudioVersion = 10.0.40219.1
Project("{FAE04EC0-301F-11D3-BF4B-00C04F79EFBC}") = "01. Shapes", "01. Shapes\01. Shapes.csproj", "{47214E16-F174-44F7-9B2D-C2BBD3ABEE01}"
EndProject
Project("{FAE04EC0-301F-11D3-BF4B-00C04F79EFBC}") = "02. Cars", "02. Cars\02. Cars.csproj", "{1D151943-6064-4189-8274-17D2CC84D42E}"
EndProject
Global
	GlobalSection(SolutionConfigurationPlatforms) = preSolution
		Debug|Any CPU = Debug|Any CPU
		Release|Any CPU = Release|Any CPU
	EndGlobalSection
	GlobalSection(ProjectConfigurationPlatforms) = postSolution
		{47214E16-F174-44F7-9B2D-C2BBD3ABEE01}.Debug|Any CPU.ActiveCfg = Debug|Any CPU
		{47214E16-F174-44F7-9B2D-C2BBD3ABEE01}.Debug|Any CPU.Build.0 = Debug|Any CPU
		{47214E16-F174-44F7-9B2D-C2BBD3ABEE01}.Release|Any CPU.ActiveCfg = Release|Any CPU
		{47214E16-F174-44F7-9B2D-C2BBD3ABEE01}.Release|Any CPU.Build.0 = Release|Any CPU
		{1D151943-6064-4189-8274-17D2CC84D42E}.Debug|Any CPU.ActiveCfg = Debug|Any CPU
		{1D151943-6064-4189-8274-17D2CC84D42E}.Debug|Any CPU.Build.0 = Debug|Any CPU
		{1D151943-6064-4189-8274-17D2CC84D42E}.Release|Any CPU.ActiveCfg = Release|Any CPU
		{1D151943-6064-4189-8274-17D2CC84D42E}.Release|Any CPU.Build.0 = Release|Any CPU
	EndGlobalSection
	GlobalSection(SolutionProperties) = preSolution
		HideSolutionNode = FALSE
	EndGlobalSection
	GlobalSection(ExtensibilityGlobals) = postSolution
		SolutionGuid = {3AB30DA5-E6FF-4725-ABF2-8062D0F5CFD4}
	EndGlobalSection
EndGlobal
