
Microsoft Visual Studio Solution File, Format Version 12.00
# Visual Studio Version 16
VisualStudioVersion = 16.0.29411.108
MinimumVisualStudioVersion = 10.0.40219.1
Project("{9A19103F-16F7-4668-BE54-9A1E7A4F7556}") = "MathOperations", "Math Operations\MathOperations.csproj", "{26635D55-6F4D-4BB7-AF09-2B8C823E934A}"
EndProject
Project("{FAE04EC0-301F-11D3-BF4B-00C04F79EFBC}") = "Animals", "Animals\Animals.csproj", "{8E969B90-2506-40D6-A587-20F0B0F60F81}"
EndProject
Project("{FAE04EC0-301F-11D3-BF4B-00C04F79EFBC}") = "Shapes", "Shapes\Shapes.csproj", "{B8CCC0DF-BBA0-41D8-B24D-717BD13A2D20}"
EndProject
Global
	GlobalSection(SolutionConfigurationPlatforms) = preSolution
		Debug|Any CPU = Debug|Any CPU
		Release|Any CPU = Release|Any CPU
	EndGlobalSection
	GlobalSection(ProjectConfigurationPlatforms) = postSolution
		{26635D55-6F4D-4BB7-AF09-2B8C823E934A}.Debug|Any CPU.ActiveCfg = Debug|Any CPU
		{26635D55-6F4D-4BB7-AF09-2B8C823E934A}.Debug|Any CPU.Build.0 = Debug|Any CPU
		{26635D55-6F4D-4BB7-AF09-2B8C823E934A}.Release|Any CPU.ActiveCfg = Release|Any CPU
		{26635D55-6F4D-4BB7-AF09-2B8C823E934A}.Release|Any CPU.Build.0 = Release|Any CPU
		{8E969B90-2506-40D6-A587-20F0B0F60F81}.Debug|Any CPU.ActiveCfg = Debug|Any CPU
		{8E969B90-2506-40D6-A587-20F0B0F60F81}.Debug|Any CPU.Build.0 = Debug|Any CPU
		{8E969B90-2506-40D6-A587-20F0B0F60F81}.Release|Any CPU.ActiveCfg = Release|Any CPU
		{8E969B90-2506-40D6-A587-20F0B0F60F81}.Release|Any CPU.Build.0 = Release|Any CPU
		{B8CCC0DF-BBA0-41D8-B24D-717BD13A2D20}.Debug|Any CPU.ActiveCfg = Debug|Any CPU
		{B8CCC0DF-BBA0-41D8-B24D-717BD13A2D20}.Debug|Any CPU.Build.0 = Debug|Any CPU
		{B8CCC0DF-BBA0-41D8-B24D-717BD13A2D20}.Release|Any CPU.ActiveCfg = Release|Any CPU
		{B8CCC0DF-BBA0-41D8-B24D-717BD13A2D20}.Release|Any CPU.Build.0 = Release|Any CPU
	EndGlobalSection
	GlobalSection(SolutionProperties) = preSolution
		HideSolutionNode = FALSE
	EndGlobalSection
	GlobalSection(ExtensibilityGlobals) = postSolution
		SolutionGuid = {137E88BC-2F02-41A6-96E9-908755D635C8}
	EndGlobalSection
EndGlobal
