
Microsoft Visual Studio Solution File, Format Version 12.00
# Visual Studio Version 16
VisualStudioVersion = 16.0.29411.108
MinimumVisualStudioVersion = 10.0.40219.1
Project("{FAE04EC0-301F-11D3-BF4B-00C04F79EFBC}") = "01. Single Inheritance", "01. Single Inheritance\01. Single Inheritance.csproj", "{5C420272-47EF-4DB5-8485-5734C0581A64}"
EndProject
Project("{FAE04EC0-301F-11D3-BF4B-00C04F79EFBC}") = "02. Multiple Inheritance", "02. Multiple Inheritance\02. Multiple Inheritance.csproj", "{D93FD13D-13DF-4F70-B386-B51BD83B86B2}"
EndProject
Project("{FAE04EC0-301F-11D3-BF4B-00C04F79EFBC}") = "03. Hierarchical Inheritance", "03. Hierarchical Inheritance\03. Hierarchical Inheritance.csproj", "{D2B52359-5A35-4AD9-9C6D-84AEED2C54FB}"
EndProject
Project("{FAE04EC0-301F-11D3-BF4B-00C04F79EFBC}") = "04. Random List", "04. Random List\04. Random List.csproj", "{8592E9F1-0D5E-42B3-BDFF-95EF9A6479A0}"
EndProject
Project("{FAE04EC0-301F-11D3-BF4B-00C04F79EFBC}") = "05. Stack of Strings", "05. Stack of Strings\05. Stack of Strings.csproj", "{9DF1F084-B587-40FB-996C-F4317D4EE6C7}"
EndProject
Global
	GlobalSection(SolutionConfigurationPlatforms) = preSolution
		Debug|Any CPU = Debug|Any CPU
		Release|Any CPU = Release|Any CPU
	EndGlobalSection
	GlobalSection(ProjectConfigurationPlatforms) = postSolution
		{5C420272-47EF-4DB5-8485-5734C0581A64}.Debug|Any CPU.ActiveCfg = Debug|Any CPU
		{5C420272-47EF-4DB5-8485-5734C0581A64}.Debug|Any CPU.Build.0 = Debug|Any CPU
		{5C420272-47EF-4DB5-8485-5734C0581A64}.Release|Any CPU.ActiveCfg = Release|Any CPU
		{5C420272-47EF-4DB5-8485-5734C0581A64}.Release|Any CPU.Build.0 = Release|Any CPU
		{D93FD13D-13DF-4F70-B386-B51BD83B86B2}.Debug|Any CPU.ActiveCfg = Debug|Any CPU
		{D93FD13D-13DF-4F70-B386-B51BD83B86B2}.Debug|Any CPU.Build.0 = Debug|Any CPU
		{D93FD13D-13DF-4F70-B386-B51BD83B86B2}.Release|Any CPU.ActiveCfg = Release|Any CPU
		{D93FD13D-13DF-4F70-B386-B51BD83B86B2}.Release|Any CPU.Build.0 = Release|Any CPU
		{D2B52359-5A35-4AD9-9C6D-84AEED2C54FB}.Debug|Any CPU.ActiveCfg = Debug|Any CPU
		{D2B52359-5A35-4AD9-9C6D-84AEED2C54FB}.Debug|Any CPU.Build.0 = Debug|Any CPU
		{D2B52359-5A35-4AD9-9C6D-84AEED2C54FB}.Release|Any CPU.ActiveCfg = Release|Any CPU
		{D2B52359-5A35-4AD9-9C6D-84AEED2C54FB}.Release|Any CPU.Build.0 = Release|Any CPU
		{8592E9F1-0D5E-42B3-BDFF-95EF9A6479A0}.Debug|Any CPU.ActiveCfg = Debug|Any CPU
		{8592E9F1-0D5E-42B3-BDFF-95EF9A6479A0}.Debug|Any CPU.Build.0 = Debug|Any CPU
		{8592E9F1-0D5E-42B3-BDFF-95EF9A6479A0}.Release|Any CPU.ActiveCfg = Release|Any CPU
		{8592E9F1-0D5E-42B3-BDFF-95EF9A6479A0}.Release|Any CPU.Build.0 = Release|Any CPU
		{9DF1F084-B587-40FB-996C-F4317D4EE6C7}.Debug|Any CPU.ActiveCfg = Debug|Any CPU
		{9DF1F084-B587-40FB-996C-F4317D4EE6C7}.Debug|Any CPU.Build.0 = Debug|Any CPU
		{9DF1F084-B587-40FB-996C-F4317D4EE6C7}.Release|Any CPU.ActiveCfg = Release|Any CPU
		{9DF1F084-B587-40FB-996C-F4317D4EE6C7}.Release|Any CPU.Build.0 = Release|Any CPU
	EndGlobalSection
	GlobalSection(SolutionProperties) = preSolution
		HideSolutionNode = FALSE
	EndGlobalSection
	GlobalSection(ExtensibilityGlobals) = postSolution
		SolutionGuid = {4C76567A-CE5C-4F5A-8078-4CDA82AAF36B}
	EndGlobalSection
EndGlobal
