
Microsoft Visual Studio Solution File, Format Version 12.00
# Visual Studio Version 16
VisualStudioVersion = 16.0.29411.108
MinimumVisualStudioVersion = 10.0.40219.1
Project("{FAE04EC0-301F-11D3-BF4B-00C04F79EFBC}") = "Vehicles", "Vehicles\Vehicles.csproj", "{D02E6C4B-C6E4-4D7D-ABF7-C99A119DEAAD}"
EndProject
Project("{FAE04EC0-301F-11D3-BF4B-00C04F79EFBC}") = "VehiclesExtension", "VehiclesExtension\VehiclesExtension.csproj", "{FA4D6060-C86E-4F78-B4E4-841A9463FD57}"
EndProject
Project("{FAE04EC0-301F-11D3-BF4B-00C04F79EFBC}") = "Raiding", "Raiding\Raiding.csproj", "{79492D56-312F-4E71-9798-2AD3A399DC08}"
EndProject
Project("{FAE04EC0-301F-11D3-BF4B-00C04F79EFBC}") = "WildFarm", "WildFarm\WildFarm.csproj", "{8C17B931-17AB-4103-8C4A-2CBA889A5A50}"
EndProject
Global
	GlobalSection(SolutionConfigurationPlatforms) = preSolution
		Debug|Any CPU = Debug|Any CPU
		Release|Any CPU = Release|Any CPU
	EndGlobalSection
	GlobalSection(ProjectConfigurationPlatforms) = postSolution
		{D02E6C4B-C6E4-4D7D-ABF7-C99A119DEAAD}.Debug|Any CPU.ActiveCfg = Debug|Any CPU
		{D02E6C4B-C6E4-4D7D-ABF7-C99A119DEAAD}.Debug|Any CPU.Build.0 = Debug|Any CPU
		{D02E6C4B-C6E4-4D7D-ABF7-C99A119DEAAD}.Release|Any CPU.ActiveCfg = Release|Any CPU
		{D02E6C4B-C6E4-4D7D-ABF7-C99A119DEAAD}.Release|Any CPU.Build.0 = Release|Any CPU
		{FA4D6060-C86E-4F78-B4E4-841A9463FD57}.Debug|Any CPU.ActiveCfg = Debug|Any CPU
		{FA4D6060-C86E-4F78-B4E4-841A9463FD57}.Debug|Any CPU.Build.0 = Debug|Any CPU
		{FA4D6060-C86E-4F78-B4E4-841A9463FD57}.Release|Any CPU.ActiveCfg = Release|Any CPU
		{FA4D6060-C86E-4F78-B4E4-841A9463FD57}.Release|Any CPU.Build.0 = Release|Any CPU
		{79492D56-312F-4E71-9798-2AD3A399DC08}.Debug|Any CPU.ActiveCfg = Debug|Any CPU
		{79492D56-312F-4E71-9798-2AD3A399DC08}.Debug|Any CPU.Build.0 = Debug|Any CPU
		{79492D56-312F-4E71-9798-2AD3A399DC08}.Release|Any CPU.ActiveCfg = Release|Any CPU
		{79492D56-312F-4E71-9798-2AD3A399DC08}.Release|Any CPU.Build.0 = Release|Any CPU
		{8C17B931-17AB-4103-8C4A-2CBA889A5A50}.Debug|Any CPU.ActiveCfg = Debug|Any CPU
		{8C17B931-17AB-4103-8C4A-2CBA889A5A50}.Debug|Any CPU.Build.0 = Debug|Any CPU
		{8C17B931-17AB-4103-8C4A-2CBA889A5A50}.Release|Any CPU.ActiveCfg = Release|Any CPU
		{8C17B931-17AB-4103-8C4A-2CBA889A5A50}.Release|Any CPU.Build.0 = Release|Any CPU
	EndGlobalSection
	GlobalSection(SolutionProperties) = preSolution
		HideSolutionNode = FALSE
	EndGlobalSection
	GlobalSection(ExtensibilityGlobals) = postSolution
		SolutionGuid = {5D08F70E-9A40-4228-9098-468D87AA511B}
	EndGlobalSection
EndGlobal
